// !$*UTF8*$!
{
	archiveVersion = 1;
	classes = {
	};
	objectVersion = 56;
	objects = {

/* Begin PBXBuildFile section */
		8333226929E462C60052F53A /* HighScoresScene.swift in Sources */ = {isa = PBXBuildFile; fileRef = 8333226829E462C60052F53A /* HighScoresScene.swift */; };
		8333226B29E4648F0052F53A /* Alertable.swift in Sources */ = {isa = PBXBuildFile; fileRef = 8333226A29E4648F0052F53A /* Alertable.swift */; };
		8359235B29D8B50100161605 /* AppDelegate.swift in Sources */ = {isa = PBXBuildFile; fileRef = 8359235A29D8B50100161605 /* AppDelegate.swift */; };
		8359235D29D8B50100161605 /* GameScene.sks in Resources */ = {isa = PBXBuildFile; fileRef = 8359235C29D8B50100161605 /* GameScene.sks */; };
		8359235F29D8B50100161605 /* Actions.sks in Resources */ = {isa = PBXBuildFile; fileRef = 8359235E29D8B50100161605 /* Actions.sks */; };
		8359236129D8B50100161605 /* GameScene.swift in Sources */ = {isa = PBXBuildFile; fileRef = 8359236029D8B50100161605 /* GameScene.swift */; };
		8359236329D8B50100161605 /* GameViewController.swift in Sources */ = {isa = PBXBuildFile; fileRef = 8359236229D8B50100161605 /* GameViewController.swift */; };
		8359236629D8B50100161605 /* Main.storyboard in Resources */ = {isa = PBXBuildFile; fileRef = 8359236429D8B50100161605 /* Main.storyboard */; };
		8359236829D8B50300161605 /* Assets.xcassets in Resources */ = {isa = PBXBuildFile; fileRef = 8359236729D8B50300161605 /* Assets.xcassets */; };
		8359236B29D8B50300161605 /* LaunchScreen.storyboard in Resources */ = {isa = PBXBuildFile; fileRef = 8359236929D8B50300161605 /* LaunchScreen.storyboard */; };
		8359237229D8BCDE00161605 /* 151023__bubaproducer__laser-shot-short.wav in Resources */ = {isa = PBXBuildFile; fileRef = 8359237129D8BCDE00161605 /* 151023__bubaproducer__laser-shot-short.wav */; };
		8359237429D8E56000161605 /* 455918__bolkmar__missile-launcher-explosion-only.wav in Resources */ = {isa = PBXBuildFile; fileRef = 8359237329D8E56000161605 /* 455918__bolkmar__missile-launcher-explosion-only.wav */; };
		8359237629D8E7AF00161605 /* THEBOLDFONT.ttf in Resources */ = {isa = PBXBuildFile; fileRef = 8359237529D8E72200161605 /* THEBOLDFONT.ttf */; };
		8359237929D90F0200161605 /* GameOverScene.swift in Sources */ = {isa = PBXBuildFile; fileRef = 8359237829D90F0200161605 /* GameOverScene.swift */; };
		8359237B29DB639C00161605 /* MainMenuScene.swift in Sources */ = {isa = PBXBuildFile; fileRef = 8359237A29DB639C00161605 /* MainMenuScene.swift */; };
		8359237E29DB8B1400161605 /* air_war.m4a in Resources */ = {isa = PBXBuildFile; fileRef = 8359237D29DB8B1400161605 /* air_war.m4a */; };
/* End PBXBuildFile section */

/* Begin PBXFileReference section */
		8333226829E462C60052F53A /* HighScoresScene.swift */ = {isa = PBXFileReference; lastKnownFileType = sourcecode.swift; path = HighScoresScene.swift; sourceTree = "<group>"; };
		8333226A29E4648F0052F53A /* Alertable.swift */ = {isa = PBXFileReference; lastKnownFileType = sourcecode.swift; path = Alertable.swift; sourceTree = "<group>"; };
		8359235729D8B50100161605 /* Crystal Aliens.app */ = {isa = PBXFileReference; explicitFileType = wrapper.application; includeInIndex = 0; path = "Crystal Aliens.app"; sourceTree = BUILT_PRODUCTS_DIR; };
		8359235A29D8B50100161605 /* AppDelegate.swift */ = {isa = PBXFileReference; lastKnownFileType = sourcecode.swift; path = AppDelegate.swift; sourceTree = "<group>"; };
		8359235C29D8B50100161605 /* GameScene.sks */ = {isa = PBXFileReference; lastKnownFileType = file.sks; path = GameScene.sks; sourceTree = "<group>"; };
		8359235E29D8B50100161605 /* Actions.sks */ = {isa = PBXFileReference; lastKnownFileType = file.sks; path = Actions.sks; sourceTree = "<group>"; };
		8359236029D8B50100161605 /* GameScene.swift */ = {isa = PBXFileReference; lastKnownFileType = sourcecode.swift; path = GameScene.swift; sourceTree = "<group>"; };
		8359236229D8B50100161605 /* GameViewController.swift */ = {isa = PBXFileReference; lastKnownFileType = sourcecode.swift; path = GameViewController.swift; sourceTree = "<group>"; };
		8359236529D8B50100161605 /* Base */ = {isa = PBXFileReference; lastKnownFileType = file.storyboard; name = Base; path = Base.lproj/Main.storyboard; sourceTree = "<group>"; };
		8359236729D8B50300161605 /* Assets.xcassets */ = {isa = PBXFileReference; lastKnownFileType = folder.assetcatalog; path = Assets.xcassets; sourceTree = "<group>"; };
		8359236A29D8B50300161605 /* Base */ = {isa = PBXFileReference; lastKnownFileType = file.storyboard; name = Base; path = Base.lproj/LaunchScreen.storyboard; sourceTree = "<group>"; };
		8359237129D8BCDE00161605 /* 151023__bubaproducer__laser-shot-short.wav */ = {isa = PBXFileReference; lastKnownFileType = audio.wav; path = "151023__bubaproducer__laser-shot-short.wav"; sourceTree = "<group>"; };
		8359237329D8E56000161605 /* 455918__bolkmar__missile-launcher-explosion-only.wav */ = {isa = PBXFileReference; lastKnownFileType = audio.wav; path = "455918__bolkmar__missile-launcher-explosion-only.wav"; sourceTree = "<group>"; };
		8359237529D8E72200161605 /* THEBOLDFONT.ttf */ = {isa = PBXFileReference; lastKnownFileType = file; path = THEBOLDFONT.ttf; sourceTree = "<group>"; };
		8359237729D8E7CD00161605 /* Crystal-Aliens-Info.plist */ = {isa = PBXFileReference; lastKnownFileType = text.plist; path = "Crystal-Aliens-Info.plist"; sourceTree = SOURCE_ROOT; };
		8359237829D90F0200161605 /* GameOverScene.swift */ = {isa = PBXFileReference; lastKnownFileType = sourcecode.swift; path = GameOverScene.swift; sourceTree = "<group>"; };
		8359237A29DB639C00161605 /* MainMenuScene.swift */ = {isa = PBXFileReference; lastKnownFileType = sourcecode.swift; path = MainMenuScene.swift; sourceTree = "<group>"; };
		8359237D29DB8B1400161605 /* air_war.m4a */ = {isa = PBXFileReference; lastKnownFileType = file; path = air_war.m4a; sourceTree = "<group>"; };
/* End PBXFileReference section */

/* Begin PBXFrameworksBuildPhase section */
		8359235429D8B50100161605 /* Frameworks */ = {
			isa = PBXFrameworksBuildPhase;
			buildActionMask = 2147483647;
			files = (
			);
			runOnlyForDeploymentPostprocessing = 0;
		};
/* End PBXFrameworksBuildPhase section */

/* Begin PBXGroup section */
		8359234E29D8B50000161605 = {
			isa = PBXGroup;
			children = (
				8359235929D8B50100161605 /* Crystal Aliens */,
				8359235829D8B50100161605 /* Products */,
			);
			sourceTree = "<group>";
		};
		8359235829D8B50100161605 /* Products */ = {
			isa = PBXGroup;
			children = (
				8359235729D8B50100161605 /* Crystal Aliens.app */,
			);
			name = Products;
			sourceTree = "<group>";
		};
		8359235929D8B50100161605 /* Crystal Aliens */ = {
			isa = PBXGroup;
			children = (
				8359237729D8E7CD00161605 /* Crystal-Aliens-Info.plist */,
				8359235A29D8B50100161605 /* AppDelegate.swift */,
				8359235C29D8B50100161605 /* GameScene.sks */,
				8359235E29D8B50100161605 /* Actions.sks */,
				8359236029D8B50100161605 /* GameScene.swift */,
				8359237129D8BCDE00161605 /* 151023__bubaproducer__laser-shot-short.wav */,
				8359237D29DB8B1400161605 /* air_war.m4a */,
				8359236229D8B50100161605 /* GameViewController.swift */,
				8359237529D8E72200161605 /* THEBOLDFONT.ttf */,
				8359237329D8E56000161605 /* 455918__bolkmar__missile-launcher-explosion-only.wav */,
				8359236429D8B50100161605 /* Main.storyboard */,
				8359236729D8B50300161605 /* Assets.xcassets */,
				8359236929D8B50300161605 /* LaunchScreen.storyboard */,
				8359237829D90F0200161605 /* GameOverScene.swift */,
				8359237A29DB639C00161605 /* MainMenuScene.swift */,
				8333226829E462C60052F53A /* HighScoresScene.swift */,
				8333226A29E4648F0052F53A /* Alertable.swift */,
			);
			path = "Crystal Aliens";
			sourceTree = "<group>";
		};
/* End PBXGroup section */

/* Begin PBXNativeTarget section */
		8359235629D8B50100161605 /* Crystal Aliens */ = {
			isa = PBXNativeTarget;
			buildConfigurationList = 8359236E29D8B50300161605 /* Build configuration list for PBXNativeTarget "Crystal Aliens" */;
			buildPhases = (
				8359235329D8B50100161605 /* Sources */,
				8359235429D8B50100161605 /* Frameworks */,
				8359235529D8B50100161605 /* Resources */,
			);
			buildRules = (
			);
			dependencies = (
			);
			name = "Crystal Aliens";
			productName = "Crystal Aliens";
			productReference = 8359235729D8B50100161605 /* Crystal Aliens.app */;
			productType = "com.apple.product-type.application";
		};
/* End PBXNativeTarget section */

/* Begin PBXProject section */
		8359234F29D8B50000161605 /* Project object */ = {
			isa = PBXProject;
			attributes = {
				BuildIndependentTargetsInParallel = 1;
				LastSwiftUpdateCheck = 1420;
				LastUpgradeCheck = 1420;
				TargetAttributes = {
					8359235629D8B50100161605 = {
						CreatedOnToolsVersion = 14.2;
					};
				};
			};
			buildConfigurationList = 8359235229D8B50000161605 /* Build configuration list for PBXProject "Crystal Aliens" */;
			compatibilityVersion = "Xcode 14.0";
			developmentRegion = en;
			hasScannedForEncodings = 0;
			knownRegions = (
				en,
				Base,
			);
			mainGroup = 8359234E29D8B50000161605;
			productRefGroup = 8359235829D8B50100161605 /* Products */;
			projectDirPath = "";
			projectRoot = "";
			targets = (
				8359235629D8B50100161605 /* Crystal Aliens */,
			);
		};
/* End PBXProject section */

/* Begin PBXResourcesBuildPhase section */
		8359235529D8B50100161605 /* Resources */ = {
			isa = PBXResourcesBuildPhase;
			buildActionMask = 2147483647;
			files = (
				8359237629D8E7AF00161605 /* THEBOLDFONT.ttf in Resources */,
				8359236629D8B50100161605 /* Main.storyboard in Resources */,
				8359235D29D8B50100161605 /* GameScene.sks in Resources */,
				8359236829D8B50300161605 /* Assets.xcassets in Resources */,
				8359236B29D8B50300161605 /* LaunchScreen.storyboard in Resources */,
				8359237429D8E56000161605 /* 455918__bolkmar__missile-launcher-explosion-only.wav in Resources */,
				8359235F29D8B50100161605 /* Actions.sks in Resources */,
				8359237229D8BCDE00161605 /* 151023__bubaproducer__laser-shot-short.wav in Resources */,
				8359237E29DB8B1400161605 /* air_war.m4a in Resources */,
			);
			runOnlyForDeploymentPostprocessing = 0;
		};
/* End PBXResourcesBuildPhase section */

/* Begin PBXSourcesBuildPhase section */
		8359235329D8B50100161605 /* Sources */ = {
			isa = PBXSourcesBuildPhase;
			buildActionMask = 2147483647;
			files = (
				8359237B29DB639C00161605 /* MainMenuScene.swift in Sources */,
				8333226B29E4648F0052F53A /* Alertable.swift in Sources */,
				8333226929E462C60052F53A /* HighScoresScene.swift in Sources */,
				8359236129D8B50100161605 /* GameScene.swift in Sources */,
				8359236329D8B50100161605 /* GameViewController.swift in Sources */,
				8359237929D90F0200161605 /* GameOverScene.swift in Sources */,
				8359235B29D8B50100161605 /* AppDelegate.swift in Sources */,
			);
			runOnlyForDeploymentPostprocessing = 0;
		};
/* End PBXSourcesBuildPhase section */

/* Begin PBXVariantGroup section */
		8359236429D8B50100161605 /* Main.storyboard */ = {
			isa = PBXVariantGroup;
			children = (
				8359236529D8B50100161605 /* Base */,
			);
			name = Main.storyboard;
			sourceTree = "<group>";
		};
		8359236929D8B50300161605 /* LaunchScreen.storyboard */ = {
			isa = PBXVariantGroup;
			children = (
				8359236A29D8B50300161605 /* Base */,
			);
			name = LaunchScreen.storyboard;
			sourceTree = "<group>";
		};
/* End PBXVariantGroup section */

/* Begin XCBuildConfiguration section */
		8359236C29D8B50300161605 /* Debug */ = {
			isa = XCBuildConfiguration;
			buildSettings = {
				ALWAYS_SEARCH_USER_PATHS = NO;
				CLANG_ANALYZER_NONNULL = YES;
				CLANG_ANALYZER_NUMBER_OBJECT_CONVERSION = YES_AGGRESSIVE;
				CLANG_CXX_LANGUAGE_STANDARD = "gnu++20";
				CLANG_ENABLE_MODULES = YES;
				CLANG_ENABLE_OBJC_ARC = YES;
				CLANG_ENABLE_OBJC_WEAK = YES;
				CLANG_WARN_BLOCK_CAPTURE_AUTORELEASING = YES;
				CLANG_WARN_BOOL_CONVERSION = YES;
				CLANG_WARN_COMMA = YES;
				CLANG_WARN_CONSTANT_CONVERSION = YES;
				CLANG_WARN_DEPRECATED_OBJC_IMPLEMENTATIONS = YES;
				CLANG_WARN_DIRECT_OBJC_ISA_USAGE = YES_ERROR;
				CLANG_WARN_DOCUMENTATION_COMMENTS = YES;
				CLANG_WARN_EMPTY_BODY = YES;
				CLANG_WARN_ENUM_CONVERSION = YES;
				CLANG_WARN_INFINITE_RECURSION = YES;
				CLANG_WARN_INT_CONVERSION = YES;
				CLANG_WARN_NON_LITERAL_NULL_CONVERSION = YES;
				CLANG_WARN_OBJC_IMPLICIT_RETAIN_SELF = YES;
				CLANG_WARN_OBJC_LITERAL_CONVERSION = YES;
				CLANG_WARN_OBJC_ROOT_CLASS = YES_ERROR;
				CLANG_WARN_QUOTED_INCLUDE_IN_FRAMEWORK_HEADER = YES;
				CLANG_WARN_RANGE_LOOP_ANALYSIS = YES;
				CLANG_WARN_STRICT_PROTOTYPES = YES;
				CLANG_WARN_SUSPICIOUS_MOVE = YES;
				CLANG_WARN_UNGUARDED_AVAILABILITY = YES_AGGRESSIVE;
				CLANG_WARN_UNREACHABLE_CODE = YES;
				CLANG_WARN__DUPLICATE_METHOD_MATCH = YES;
				COPY_PHASE_STRIP = NO;
				DEBUG_INFORMATION_FORMAT = dwarf;
				ENABLE_STRICT_OBJC_MSGSEND = YES;
				ENABLE_TESTABILITY = YES;
				GCC_C_LANGUAGE_STANDARD = gnu11;
				GCC_DYNAMIC_NO_PIC = NO;
				GCC_NO_COMMON_BLOCKS = YES;
				GCC_OPTIMIZATION_LEVEL = 0;
				GCC_PREPROCESSOR_DEFINITIONS = (
					"DEBUG=1",
					"$(inherited)",
				);
				GCC_WARN_64_TO_32_BIT_CONVERSION = YES;
				GCC_WARN_ABOUT_RETURN_TYPE = YES_ERROR;
				GCC_WARN_UNDECLARED_SELECTOR = YES;
				GCC_WARN_UNINITIALIZED_AUTOS = YES_AGGRESSIVE;
				GCC_WARN_UNUSED_FUNCTION = YES;
				GCC_WARN_UNUSED_VARIABLE = YES;
				IPHONEOS_DEPLOYMENT_TARGET = 16.2;
				MTL_ENABLE_DEBUG_INFO = INCLUDE_SOURCE;
				MTL_FAST_MATH = YES;
				ONLY_ACTIVE_ARCH = YES;
				SDKROOT = iphoneos;
				SWIFT_ACTIVE_COMPILATION_CONDITIONS = DEBUG;
				SWIFT_OPTIMIZATION_LEVEL = "-Onone";
			};
			name = Debug;
		};
		8359236D29D8B50300161605 /* Release */ = {
			isa = XCBuildConfiguration;
			buildSettings = {
				ALWAYS_SEARCH_USER_PATHS = NO;
				CLANG_ANALYZER_NONNULL = YES;
				CLANG_ANALYZER_NUMBER_OBJECT_CONVERSION = YES_AGGRESSIVE;
				CLANG_CXX_LANGUAGE_STANDARD = "gnu++20";
				CLANG_ENABLE_MODULES = YES;
				CLANG_ENABLE_OBJC_ARC = YES;
				CLANG_ENABLE_OBJC_WEAK = YES;
				CLANG_WARN_BLOCK_CAPTURE_AUTORELEASING = YES;
				CLANG_WARN_BOOL_CONVERSION = YES;
				CLANG_WARN_COMMA = YES;
				CLANG_WARN_CONSTANT_CONVERSION = YES;
				CLANG_WARN_DEPRECATED_OBJC_IMPLEMENTATIONS = YES;
				CLANG_WARN_DIRECT_OBJC_ISA_USAGE = YES_ERROR;
				CLANG_WARN_DOCUMENTATION_COMMENTS = YES;
				CLANG_WARN_EMPTY_BODY = YES;
				CLANG_WARN_ENUM_CONVERSION = YES;
				CLANG_WARN_INFINITE_RECURSION = YES;
				CLANG_WARN_INT_CONVERSION = YES;
				CLANG_WARN_NON_LITERAL_NULL_CONVERSION = YES;
				CLANG_WARN_OBJC_IMPLICIT_RETAIN_SELF = YES;
				CLANG_WARN_OBJC_LITERAL_CONVERSION = YES;
				CLANG_WARN_OBJC_ROOT_CLASS = YES_ERROR;
				CLANG_WARN_QUOTED_INCLUDE_IN_FRAMEWORK_HEADER = YES;
				CLANG_WARN_RANGE_LOOP_ANALYSIS = YES;
				CLANG_WARN_STRICT_PROTOTYPES = YES;
				CLANG_WARN_SUSPICIOUS_MOVE = YES;
				CLANG_WARN_UNGUARDED_AVAILABILITY = YES_AGGRESSIVE;
				CLANG_WARN_UNREACHABLE_CODE = YES;
				CLANG_WARN__DUPLICATE_METHOD_MATCH = YES;
				COPY_PHASE_STRIP = NO;
				DEBUG_INFORMATION_FORMAT = "dwarf-with-dsym";
				ENABLE_NS_ASSERTIONS = NO;
				ENABLE_STRICT_OBJC_MSGSEND = YES;
				GCC_C_LANGUAGE_STANDARD = gnu11;
				GCC_NO_COMMON_BLOCKS = YES;
				GCC_WARN_64_TO_32_BIT_CONVERSION = YES;
				GCC_WARN_ABOUT_RETURN_TYPE = YES_ERROR;
				GCC_WARN_UNDECLARED_SELECTOR = YES;
				GCC_WARN_UNINITIALIZED_AUTOS = YES_AGGRESSIVE;
				GCC_WARN_UNUSED_FUNCTION = YES;
				GCC_WARN_UNUSED_VARIABLE = YES;
				IPHONEOS_DEPLOYMENT_TARGET = 16.2;
				MTL_ENABLE_DEBUG_INFO = NO;
				MTL_FAST_MATH = YES;
				SDKROOT = iphoneos;
				SWIFT_COMPILATION_MODE = wholemodule;
				SWIFT_OPTIMIZATION_LEVEL = "-O";
				VALIDATE_PRODUCT = YES;
			};
			name = Release;
		};
		8359236F29D8B50300161605 /* Debug */ = {
			isa = XCBuildConfiguration;
			buildSettings = {
				ASSETCATALOG_COMPILER_APPICON_NAME = AppIcon;
				ASSETCATALOG_COMPILER_GLOBAL_ACCENT_COLOR_NAME = AccentColor;
				CODE_SIGN_STYLE = Automatic;
				CURRENT_PROJECT_VERSION = 1;
				DEVELOPMENT_TEAM = BJYRRMLA6N;
				GENERATE_INFOPLIST_FILE = YES;
				INFOPLIST_FILE = "Crystal-Aliens-Info.plist";
				INFOPLIST_KEY_CFBundleDisplayName = "Crystal Aliens";
				INFOPLIST_KEY_UIApplicationSupportsIndirectInputEvents = YES;
				INFOPLIST_KEY_UILaunchStoryboardName = LaunchScreen;
				INFOPLIST_KEY_UIMainStoryboardFile = Main;
				INFOPLIST_KEY_UIRequiresFullScreen = YES;
				INFOPLIST_KEY_UIStatusBarHidden = YES;
				INFOPLIST_KEY_UISupportedInterfaceOrientations = UIInterfaceOrientationPortrait;
				IPHONEOS_DEPLOYMENT_TARGET = 15.0;
				LD_RUNPATH_SEARCH_PATHS = (
					"$(inherited)",
					"@executable_path/Frameworks",
				);
				MARKETING_VERSION = 1.0;
				PRODUCT_BUNDLE_IDENTIFIER = "carlos.hernandez.Crystal-Aliens";
				PRODUCT_NAME = "$(TARGET_NAME)";
				SWIFT_EMIT_LOC_STRINGS = YES;
				SWIFT_VERSION = 5.0;
				TARGETED_DEVICE_FAMILY = "1,2";
			};
			name = Debug;
		};
		8359237029D8B50300161605 /* Release */ = {
			isa = XCBuildConfiguration;
			buildSettings = {
				ASSETCATALOG_COMPILER_APPICON_NAME = AppIcon;
				ASSETCATALOG_COMPILER_GLOBAL_ACCENT_COLOR_NAME = AccentColor;
				CODE_SIGN_STYLE = Automatic;
				CURRENT_PROJECT_VERSION = 1;
				DEVELOPMENT_TEAM = BJYRRMLA6N;
				GENERATE_INFOPLIST_FILE = YES;
				INFOPLIST_FILE = "Crystal-Aliens-Info.plist";
				INFOPLIST_KEY_CFBundleDisplayName = "Crystal Aliens";
				INFOPLIST_KEY_UIApplicationSupportsIndirectInputEvents = YES;
				INFOPLIST_KEY_UILaunchStoryboardName = LaunchScreen;
				INFOPLIST_KEY_UIMainStoryboardFile = Main;
				INFOPLIST_KEY_UIRequiresFullScreen = YES;
				INFOPLIST_KEY_UIStatusBarHidden = YES;
				INFOPLIST_KEY_UISupportedInterfaceOrientations = UIInterfaceOrientationPortrait;
				IPHONEOS_DEPLOYMENT_TARGET = 15.0;
				LD_RUNPATH_SEARCH_PATHS = (
					"$(inherited)",
					"@executable_path/Frameworks",
				);
				MARKETING_VERSION = 1.0;
				PRODUCT_BUNDLE_IDENTIFIER = "carlos.hernandez.Crystal-Aliens";
				PRODUCT_NAME = "$(TARGET_NAME)";
				SWIFT_EMIT_LOC_STRINGS = YES;
				SWIFT_VERSION = 5.0;
				TARGETED_DEVICE_FAMILY = "1,2";
			};
			name = Release;
		};
/* End XCBuildConfiguration section */

/* Begin XCConfigurationList section */
		8359235229D8B50000161605 /* Build configuration list for PBXProject "Crystal Aliens" */ = {
			isa = XCConfigurationList;
			buildConfigurations = (
				8359236C29D8B50300161605 /* Debug */,
				8359236D29D8B50300161605 /* Release */,
			);
			defaultConfigurationIsVisible = 0;
			defaultConfigurationName = Release;
		};
		8359236E29D8B50300161605 /* Build configuration list for PBXNativeTarget "Crystal Aliens" */ = {
			isa = XCConfigurationList;
			buildConfigurations = (
				8359236F29D8B50300161605 /* Debug */,
				8359237029D8B50300161605 /* Release */,
			);
			defaultConfigurationIsVisible = 0;
			defaultConfigurationName = Release;
		};
/* End XCConfigurationList section */
	};
	rootObject = 8359234F29D8B50000161605 /* Project object */;
}
